
Microsoft Visual Studio Solution File, Format Version 12.00
# Visual Studio Version 17
VisualStudioVersion = 17.8.34525.116
MinimumVisualStudioVersion = 10.0.40219.1
Project("{8BC9CEB8-8B4A-11D0-8D11-00A0C91BC942}") = "Client", "Client\Default\Client.vcxproj", "{1385B703-2D22-43E7-BB7D-58A2E3348DC7}"
	ProjectSection(ProjectDependencies) = postProject
		{23FA8C84-564A-4FEA-AFEA-9D702EA5A1D9} = {23FA8C84-564A-4FEA-AFEA-9D702EA5A1D9}
	EndProjectSection
EndProject
Project("{8BC9CEB8-8B4A-11D0-8D11-00A0C91BC942}") = "Engine", "Engine\Default\Engine.vcxproj", "{23FA8C84-564A-4FEA-AFEA-9D702EA5A1D9}"
EndProject
Project("{8BC9CEB8-8B4A-11D0-8D11-00A0C91BC942}") = "Tool", "Tool\Default\Tool.vcxproj", "{74F12F88-795C-4846-AA7A-EEF8D158863B}"
	ProjectSection(ProjectDependencies) = postProject
		{23FA8C84-564A-4FEA-AFEA-9D702EA5A1D9} = {23FA8C84-564A-4FEA-AFEA-9D702EA5A1D9}
	EndProjectSection
EndProject
Global
	GlobalSection(SolutionConfigurationPlatforms) = preSolution
		Debug|x64 = Debug|x64
		Debug|x86 = Debug|x86
		Release|x64 = Release|x64
		Release|x86 = Release|x86
	EndGlobalSection
	GlobalSection(ProjectConfigurationPlatforms) = postSolution
		{1385B703-2D22-43E7-BB7D-58A2E3348DC7}.Debug|x64.ActiveCfg = Debug|x64
		{1385B703-2D22-43E7-BB7D-58A2E3348DC7}.Debug|x64.Build.0 = Debug|x64
		{1385B703-2D22-43E7-BB7D-58A2E3348DC7}.Debug|x86.ActiveCfg = Debug|Win32
		{1385B703-2D22-43E7-BB7D-58A2E3348DC7}.Debug|x86.Build.0 = Debug|Win32
		{1385B703-2D22-43E7-BB7D-58A2E3348DC7}.Release|x64.ActiveCfg = Release|x64
		{1385B703-2D22-43E7-BB7D-58A2E3348DC7}.Release|x64.Build.0 = Release|x64
		{1385B703-2D22-43E7-BB7D-58A2E3348DC7}.Release|x86.ActiveCfg = Release|Win32
		{1385B703-2D22-43E7-BB7D-58A2E3348DC7}.Release|x86.Build.0 = Release|Win32
		{23FA8C84-564A-4FEA-AFEA-9D702EA5A1D9}.Debug|x64.ActiveCfg = Debug|x64
		{23FA8C84-564A-4FEA-AFEA-9D702EA5A1D9}.Debug|x64.Build.0 = Debug|x64
		{23FA8C84-564A-4FEA-AFEA-9D702EA5A1D9}.Debug|x86.ActiveCfg = Debug|Win32
		{23FA8C84-564A-4FEA-AFEA-9D702EA5A1D9}.Debug|x86.Build.0 = Debug|Win32
		{23FA8C84-564A-4FEA-AFEA-9D702EA5A1D9}.Release|x64.ActiveCfg = Release|x64
		{23FA8C84-564A-4FEA-AFEA-9D702EA5A1D9}.Release|x64.Build.0 = Release|x64
		{23FA8C84-564A-4FEA-AFEA-9D702EA5A1D9}.Release|x86.ActiveCfg = Release|Win32
		{23FA8C84-564A-4FEA-AFEA-9D702EA5A1D9}.Release|x86.Build.0 = Release|Win32
		{74F12F88-795C-4846-AA7A-EEF8D158863B}.Debug|x64.ActiveCfg = Debug|x64
		{74F12F88-795C-4846-AA7A-EEF8D158863B}.Debug|x64.Build.0 = Debug|x64
		{74F12F88-795C-4846-AA7A-EEF8D158863B}.Debug|x86.ActiveCfg = Debug|Win32
		{74F12F88-795C-4846-AA7A-EEF8D158863B}.Debug|x86.Build.0 = Debug|Win32
		{74F12F88-795C-4846-AA7A-EEF8D158863B}.Release|x64.ActiveCfg = Release|x64
		{74F12F88-795C-4846-AA7A-EEF8D158863B}.Release|x64.Build.0 = Release|x64
		{74F12F88-795C-4846-AA7A-EEF8D158863B}.Release|x86.ActiveCfg = Release|Win32
		{74F12F88-795C-4846-AA7A-EEF8D158863B}.Release|x86.Build.0 = Release|Win32
	EndGlobalSection
	GlobalSection(SolutionProperties) = preSolution
		HideSolutionNode = FALSE
	EndGlobalSection
	GlobalSection(ExtensibilityGlobals) = postSolution
		SolutionGuid = {D522868D-5F18-4FF8-8ADE-63EDB0EAA86D}
	EndGlobalSection
EndGlobal
