<?xml version="1.0" encoding="utf-8"?>
<Project ToolsVersion="4.0" xmlns="http://schemas.microsoft.com/developer/msbuild/2003">
  <ItemGroup>
    <Filter Include="00.MainApp">
      <UniqueIdentifier>{b79c6ce2-00dd-400a-b555-8be497a6a396}</UniqueIdentifier>
    </Filter>
    <Filter Include="99.Header">
      <UniqueIdentifier>{e8b3bfa4-d901-4899-9537-5d05c26117cb}</UniqueIdentifier>
    </Filter>
    <Filter Include="98.Default">
      <UniqueIdentifier>{1e4874dd-f138-449c-9fc7-be7f7ad70773}</UniqueIdentifier>
    </Filter>
    <Filter Include="01.Level">
      <UniqueIdentifier>{aa83df2f-dfe1-412c-8321-b0cb6c3cb5d9}</UniqueIdentifier>
    </Filter>
    <Filter Include="01.Level\99. Loading">
      <UniqueIdentifier>{a45e671f-c204-4de8-bb96-c41cfc35f997}</UniqueIdentifier>
    </Filter>
    <Filter Include="01.Level\99. Loading\Loader">
      <UniqueIdentifier>{580e1106-3bb3-464c-a774-783041c4b85c}</UniqueIdentifier>
    </Filter>
    <Filter Include="01.Level\00. Logo">
      <UniqueIdentifier>{d2734a86-e6a1-4eaf-a568-e0d0dd2e646d}</UniqueIdentifier>
    </Filter>
    <Filter Include="01.Level\01. GamePlay">
      <UniqueIdentifier>{c54fa3d4-7d3c-4c21-9764-599b9153e4c2}</UniqueIdentifier>
    </Filter>
    <Filter Include="02. GameObject">
      <UniqueIdentifier>{e4b884d1-7f31-4cf4-824a-a10459819422}</UniqueIdentifier>
    </Filter>
    <Filter Include="97.ShaderFile">
      <UniqueIdentifier>{b3ebe4cc-9257-419c-89ec-3099e7b941e8}</UniqueIdentifier>
    </Filter>
    <Filter Include="96. Utility">
      <UniqueIdentifier>{4ca56d1b-0058-40da-afc7-a78bec2b1926}</UniqueIdentifier>
    </Filter>
    <Filter Include="96. Utility\01. Command">
      <UniqueIdentifier>{2602ebfe-664d-44c0-993d-d84b32ea7fdf}</UniqueIdentifier>
    </Filter>
    <Filter Include="96. Utility\01. Command\Commend">
      <UniqueIdentifier>{c1eea5a3-d53a-4d08-b208-3060db5afdc0}</UniqueIdentifier>
    </Filter>
    <Filter Include="96. Utility\01. Command\Manager">
      <UniqueIdentifier>{e82c6b15-421c-4ddd-9dd7-618e1f1c67a2}</UniqueIdentifier>
    </Filter>
    <Filter Include="96. Utility\01. Command\Commend\Command_ATT">
      <UniqueIdentifier>{dca0523c-338d-4ca3-8c2e-a1781e465447}</UniqueIdentifier>
    </Filter>
    <Filter Include="96. Utility\02. AI">
      <UniqueIdentifier>{c13141d5-5a58-45aa-aa89-2b5777994ec0}</UniqueIdentifier>
    </Filter>
    <Filter Include="96. Utility\02. AI\Node">
      <UniqueIdentifier>{feed5125-c863-4687-a7a1-36154aeab93d}</UniqueIdentifier>
    </Filter>
    <Filter Include="96. Utility\02. AI\Node\Sequence">
      <UniqueIdentifier>{5420b019-550d-471a-982d-468c03a6ca64}</UniqueIdentifier>
    </Filter>
    <Filter Include="96. Utility\02. AI\Node\Selector">
      <UniqueIdentifier>{daf3381b-449f-47cf-9948-fee0d567268f}</UniqueIdentifier>
    </Filter>
    <Filter Include="96. Utility\02. AI\Node\Action">
      <UniqueIdentifier>{01196d42-b3db-49a6-bbba-4a700f1d1aca}</UniqueIdentifier>
    </Filter>
    <Filter Include="01.Level\02. Stage_Boss">
      <UniqueIdentifier>{7e044996-709f-4c0e-a668-484b0696decd}</UniqueIdentifier>
    </Filter>
    <Filter Include="02. GameObject\00. Background">
      <UniqueIdentifier>{db761455-496d-4ed9-ae01-6c61f743249e}</UniqueIdentifier>
    </Filter>
    <Filter Include="02. GameObject\01. Camera">
      <UniqueIdentifier>{9fd1f990-2fe6-47de-8e7d-8d39923717de}</UniqueIdentifier>
    </Filter>
    <Filter Include="02. GameObject\02. Terrain">
      <UniqueIdentifier>{9fa5781c-d7c3-42c1-9723-b39fc13fc4a4}</UniqueIdentifier>
    </Filter>
    <Filter Include="02. GameObject\03. Map">
      <UniqueIdentifier>{ff2d225b-e574-4af4-8cce-e28051baf40d}</UniqueIdentifier>
    </Filter>
    <Filter Include="02. GameObject\03. Map\Stage_Dungeon_2">
      <UniqueIdentifier>{70c3ff82-cda4-4aae-9b41-e107143f54f7}</UniqueIdentifier>
    </Filter>
    <Filter Include="02. GameObject\03. Map\Stage_Dungeon_1">
      <UniqueIdentifier>{4a914a1e-563b-43d4-983c-acb042bc7c96}</UniqueIdentifier>
    </Filter>
    <Filter Include="02. GameObject\03. Map\Stage_Boss">
      <UniqueIdentifier>{71f10910-c581-4c22-a4e5-c5a24a6ab31f}</UniqueIdentifier>
    </Filter>
    <Filter Include="02. GameObject\04. Player">
      <UniqueIdentifier>{b93a464a-26e8-432f-b573-292967d9fe5c}</UniqueIdentifier>
    </Filter>
    <Filter Include="02. GameObject\04. Player\PartObject">
      <UniqueIdentifier>{b3c6ca05-4d99-40a3-8d9c-c24180ba54a7}</UniqueIdentifier>
    </Filter>
    <Filter Include="02. GameObject\04. Player\PartObject\Body">
      <UniqueIdentifier>{94e9eb27-47c1-4844-bb12-29fe353c9812}</UniqueIdentifier>
    </Filter>
    <Filter Include="02. GameObject\04. Player\PartObject\Body\Nilou">
      <UniqueIdentifier>{b35363a6-2776-46ad-8b87-0e9fa0bc5ec4}</UniqueIdentifier>
    </Filter>
    <Filter Include="02. GameObject\04. Player\PartObject\Body\Tighnari">
      <UniqueIdentifier>{4bece9fe-627f-49e8-b7a8-805855a3fa97}</UniqueIdentifier>
    </Filter>
    <Filter Include="02. GameObject\04. Player\PartObject\Body\Yae">
      <UniqueIdentifier>{1f2f8e21-d784-49c4-9216-b54ef0f31ede}</UniqueIdentifier>
    </Filter>
    <Filter Include="02. GameObject\04. Player\PartObject\Body\Wanderer">
      <UniqueIdentifier>{c6194065-ae01-4555-989f-f6dc30d0733b}</UniqueIdentifier>
    </Filter>
    <Filter Include="02. GameObject\04. Player\PartObject\Weapon">
      <UniqueIdentifier>{be5058ad-141c-4302-9ee1-197fb48fc4aa}</UniqueIdentifier>
    </Filter>
    <Filter Include="02. GameObject\04. Player\PartObject\Weapon\Tighnari">
      <UniqueIdentifier>{30002d29-86aa-47c1-af7f-681522ec39ba}</UniqueIdentifier>
    </Filter>
    <Filter Include="02. GameObject\04. Player\PartObject\Weapon\Yae">
      <UniqueIdentifier>{27ccd271-970a-44d8-903d-683b7d41bb19}</UniqueIdentifier>
    </Filter>
    <Filter Include="02. GameObject\04. Player\PartObject\Weapon\Wanderer">
      <UniqueIdentifier>{8114c022-cae7-4320-bac2-6a3c2ecf64f6}</UniqueIdentifier>
    </Filter>
    <Filter Include="02. GameObject\04. Player\PartObject\Weapon\Nilou">
      <UniqueIdentifier>{dfa0ef76-d365-49ec-9ac7-56c8debb2dc1}</UniqueIdentifier>
    </Filter>
    <Filter Include="02. GameObject\04. Player\PartObject\SkillObj">
      <UniqueIdentifier>{40cc5667-558a-49ed-9dc4-a683fa48fda5}</UniqueIdentifier>
    </Filter>
    <Filter Include="02. GameObject\05. Monster">
      <UniqueIdentifier>{7c37b1ac-82c3-4464-a7fc-34ad85b263f0}</UniqueIdentifier>
    </Filter>
    <Filter Include="02. GameObject\05. Monster\Slime">
      <UniqueIdentifier>{92e5a98e-cd08-4e06-902f-8abddcc55da2}</UniqueIdentifier>
    </Filter>
    <Filter Include="02. GameObject\05. Monster\Slime\Large">
      <UniqueIdentifier>{da29d6c3-207d-4204-a2a3-87262aabca53}</UniqueIdentifier>
    </Filter>
    <Filter Include="02. GameObject\05. Monster\Slime\Large\Fire">
      <UniqueIdentifier>{c56c8631-0c76-43c6-af46-a0b3627c97cf}</UniqueIdentifier>
    </Filter>
    <Filter Include="02. GameObject\05. Monster\Slime\Large\Water">
      <UniqueIdentifier>{8b79b83f-2249-470e-8a18-97868cbb27c6}</UniqueIdentifier>
    </Filter>
    <Filter Include="02. GameObject\05. Monster\Slime\Mid">
      <UniqueIdentifier>{dd4abc52-3abf-4cf8-910e-1b6c245471c9}</UniqueIdentifier>
    </Filter>
    <Filter Include="02. GameObject\05. Monster\Slime\Mid\FIre">
      <UniqueIdentifier>{f949ee8a-c980-4b36-9a0c-985921cb0d20}</UniqueIdentifier>
    </Filter>
    <Filter Include="02. GameObject\05. Monster\Slime\Mid\Water">
      <UniqueIdentifier>{b54f5c37-a0b6-4423-95c0-509d4d9efc31}</UniqueIdentifier>
    </Filter>
    <Filter Include="02. GameObject\05. Monster\Slime\AI">
      <UniqueIdentifier>{053a840c-a39b-43c9-a1e0-f94d24484fd2}</UniqueIdentifier>
    </Filter>
    <Filter Include="02. GameObject\05. Monster\hili">
      <UniqueIdentifier>{88bcf3bf-ceae-4641-93c8-6ed5a454dbfa}</UniqueIdentifier>
    </Filter>
    <Filter Include="02. GameObject\05. Monster\hili\Fire">
      <UniqueIdentifier>{14e40895-39dc-4be3-b774-bb0d7dcb05b7}</UniqueIdentifier>
    </Filter>
    <Filter Include="02. GameObject\05. Monster\hili\AI">
      <UniqueIdentifier>{e7dd69ff-3675-4d08-93d7-ff08cd5363d1}</UniqueIdentifier>
    </Filter>
    <Filter Include="02. GameObject\05. Monster\hili\AI\Clue">
      <UniqueIdentifier>{2504f5fa-54bf-46ee-a6d8-9c65af8f70de}</UniqueIdentifier>
    </Filter>
    <Filter Include="02. GameObject\05. Monster\hili\AI\CrossBow">
      <UniqueIdentifier>{550729d7-9988-4d97-aece-be2340fae68f}</UniqueIdentifier>
    </Filter>
    <Filter Include="02. GameObject\05. Monster\hili\Weapon">
      <UniqueIdentifier>{fcb41c52-4c38-4b9a-bdcb-10177eb33180}</UniqueIdentifier>
    </Filter>
    <Filter Include="02. GameObject\05. Monster\hili\Weapon\Club">
      <UniqueIdentifier>{c45302dc-945c-4d79-82df-65c46e1eae3e}</UniqueIdentifier>
    </Filter>
    <Filter Include="02. GameObject\05. Monster\hili\Weapon\Crossbow">
      <UniqueIdentifier>{c68cbfe5-97a8-4e33-a767-9f8dc104f443}</UniqueIdentifier>
    </Filter>
    <Filter Include="02. GameObject\05. Monster\hili\Electric">
      <UniqueIdentifier>{ff995c21-fefe-47e8-a5ae-efb9c9a7cfad}</UniqueIdentifier>
    </Filter>
    <Filter Include="02. GameObject\06. Boss">
      <UniqueIdentifier>{5559e757-8ff3-4162-a815-4f73c93b00e6}</UniqueIdentifier>
    </Filter>
    <Filter Include="02. GameObject\06. Boss\PartObject">
      <UniqueIdentifier>{ebc8e995-27aa-478f-acee-5b643949d58e}</UniqueIdentifier>
    </Filter>
    <Filter Include="02. GameObject\06. Boss\PartObject\Body">
      <UniqueIdentifier>{f63b44c1-988e-410d-89e8-f7011463e1f8}</UniqueIdentifier>
    </Filter>
    <Filter Include="02. GameObject\06. Boss\PartObject\Body\Tartaglia">
      <UniqueIdentifier>{032a5864-adde-4ce3-a0e6-4fd1af2e356e}</UniqueIdentifier>
    </Filter>
    <Filter Include="02. GameObject\06. Boss\PartObject\Body\EvilEye">
      <UniqueIdentifier>{a7a85d56-a5ad-42f4-9771-eb15a70b78ab}</UniqueIdentifier>
    </Filter>
    <Filter Include="02. GameObject\06. Boss\AI">
      <UniqueIdentifier>{030afe71-9e2d-475c-8dc2-631f11351819}</UniqueIdentifier>
    </Filter>
    <Filter Include="02. GameObject\06. Boss\AI\Tartaglia">
      <UniqueIdentifier>{45f577e1-de1c-4acb-be2d-5e1244a15003}</UniqueIdentifier>
    </Filter>
    <Filter Include="02. GameObject\06. Boss\AI\EvilEye">
      <UniqueIdentifier>{6cd9481a-bbcc-4fa3-a1b4-8e7d8342822a}</UniqueIdentifier>
    </Filter>
    <Filter Include="02. GameObject\07. SceneObj">
      <UniqueIdentifier>{8850d4a7-438c-499d-88e7-705c2241dccc}</UniqueIdentifier>
    </Filter>
    <Filter Include="02. GameObject\07. SceneObj\TreasureBox">
      <UniqueIdentifier>{86a12885-df31-4b40-8ed5-7610e914cc07}</UniqueIdentifier>
    </Filter>
    <Filter Include="02. GameObject\06. Boss\AI\Harbinger">
      <UniqueIdentifier>{6997aa8e-c8f1-4e5f-b18d-8a44f0e96c7f}</UniqueIdentifier>
    </Filter>
    <Filter Include="02. GameObject\06. Boss\PartObject\Body\Harbinger">
      <UniqueIdentifier>{c3290fb1-1ddf-4f5c-9367-96163cb8bc56}</UniqueIdentifier>
    </Filter>
    <Filter Include="02. GameObject\01. Camera\Default">
      <UniqueIdentifier>{f7e014ce-f595-46c9-af2f-c3113579ebd5}</UniqueIdentifier>
    </Filter>
    <Filter Include="02. GameObject\01. Camera\Cut">
      <UniqueIdentifier>{3ac5df8a-5d51-4ead-b7f7-21d4416980f3}</UniqueIdentifier>
    </Filter>
    <Filter Include="02. GameObject\07. SceneObj\CheckPoint">
      <UniqueIdentifier>{b8a25590-2168-4689-afd1-b7e2b9e81ab8}</UniqueIdentifier>
    </Filter>
    <Filter Include="02. GameObject\07. SceneObj\Gate">
      <UniqueIdentifier>{5c76dd34-4d1c-4faa-9f82-50322efdbd9f}</UniqueIdentifier>
    </Filter>
    <Filter Include="02. GameObject\07. SceneObj\WindField">
      <UniqueIdentifier>{b0e56f0d-d94d-412f-8655-fd2c5ed7e4f0}</UniqueIdentifier>
    </Filter>
    <Filter Include="02. GameObject\07. SceneObj\FireCore">
      <UniqueIdentifier>{88b8535a-475e-4752-bd79-12fe1b71b54c}</UniqueIdentifier>
    </Filter>
    <Filter Include="02. GameObject\08. UI">
      <UniqueIdentifier>{87b4cb48-3772-4f4a-bb60-151e25a31ff0}</UniqueIdentifier>
    </Filter>
    <Filter Include="02. GameObject\05. Monster\Brute">
      <UniqueIdentifier>{411ac565-5d28-4fd5-b591-af10ea17a012}</UniqueIdentifier>
    </Filter>
    <Filter Include="02. GameObject\06. Boss\PartObject\Weapon">
      <UniqueIdentifier>{bcda914c-2460-417a-b1fb-779e0ad02940}</UniqueIdentifier>
    </Filter>
    <Filter Include="02. GameObject\06. Boss\PartObject\Weapon\Harbinger">
      <UniqueIdentifier>{7076bcbc-fa2d-4e54-949e-0da668f9a13f}</UniqueIdentifier>
    </Filter>
    <Filter Include="02. GameObject\06. Boss\PartObject\Weapon\Harbinger\Blade">
      <UniqueIdentifier>{1441dffd-0510-41c6-97e1-b202f83dd326}</UniqueIdentifier>
    </Filter>
    <Filter Include="02. GameObject\06. Boss\PartObject\Weapon\Harbinger\DualBlade">
      <UniqueIdentifier>{875ad60d-3072-4911-a924-939f49ca448b}</UniqueIdentifier>
    </Filter>
    <Filter Include="02. GameObject\07. SceneObj\Operator">
      <UniqueIdentifier>{fc81587a-d1b1-4b4b-958c-ae256d300bea}</UniqueIdentifier>
    </Filter>
    <Filter Include="02. GameObject\06. Boss\PartObject\Weapon\Blade">
      <UniqueIdentifier>{3955e0d8-fc61-4f73-b4c1-5bf566f8e30a}</UniqueIdentifier>
    </Filter>
    <Filter Include="02. GameObject\06. Boss\PartObject\Weapon\Harbinger\Bow">
      <UniqueIdentifier>{cd1296e5-4bc2-4f1b-833a-2a7e4a7cfeba}</UniqueIdentifier>
    </Filter>
    <Filter Include="02. GameObject\06. Boss\PartObject\Weapon\Bow">
      <UniqueIdentifier>{c182543e-3180-461d-9b05-e1430456f082}</UniqueIdentifier>
    </Filter>
    <Filter Include="02. GameObject\06. Boss\PartObject\Weapon\DualBlade">
      <UniqueIdentifier>{92275bc6-5b92-4dbe-ac79-c1e64890a757}</UniqueIdentifier>
    </Filter>
    <Filter Include="02. GameObject\07. SceneObj\ThornWall">
      <UniqueIdentifier>{7fe89996-88c4-4f19-9968-c6c2254cb1f8}</UniqueIdentifier>
    </Filter>
    <Filter Include="02. GameObject\07. SceneObj\Plane">
      <UniqueIdentifier>{cee00d38-29f4-4455-95e1-51d69a32b6fa}</UniqueIdentifier>
    </Filter>
    <Filter Include="02. GameObject\04. Player\PartObject\Flycloak">
      <UniqueIdentifier>{2068690a-8952-4dd9-bcd2-ed8eccacc189}</UniqueIdentifier>
    </Filter>
    <Filter Include="02. GameObject\04. Player\PartObject\SkillObj\Yae">
      <UniqueIdentifier>{5a3479be-b974-462a-bb0a-f637abf0be92}</UniqueIdentifier>
    </Filter>
    <Filter Include="02. GameObject\04. Player\PartObject\SkillObj\Yae\Gohei">
      <UniqueIdentifier>{78f8c0b6-1739-4aa4-b702-8b702dfd36ba}</UniqueIdentifier>
    </Filter>
    <Filter Include="02. GameObject\04. Player\PartObject\SkillObj\Yae\BlackFox">
      <UniqueIdentifier>{dc61bc54-0b11-4730-b447-07e731b5145a}</UniqueIdentifier>
    </Filter>
    <Filter Include="02. GameObject\04. Player\PartObject\SkillObj\Yae\FoxTail_Burst">
      <UniqueIdentifier>{3a1d7ffc-01d0-482e-a959-4fd95d53a128}</UniqueIdentifier>
    </Filter>
    <Filter Include="02. GameObject\04. Player\PartObject\SkillObj\Yae\FoxTower">
      <UniqueIdentifier>{85f840c4-931e-4203-9c18-ca22c2e65247}</UniqueIdentifier>
    </Filter>
    <Filter Include="02. GameObject\04. Player\State">
      <UniqueIdentifier>{3d7b9044-ab80-4d47-852e-f5c2259b19d6}</UniqueIdentifier>
    </Filter>
    <Filter Include="02. GameObject\04. Player\State\State">
      <UniqueIdentifier>{f7ba46d1-5f11-4b7a-8601-28e92005e65f}</UniqueIdentifier>
    </Filter>
    <Filter Include="02. GameObject\04. Player\State\State\Run">
      <UniqueIdentifier>{7d3fe171-eafa-466f-8939-de080f53dd8e}</UniqueIdentifier>
    </Filter>
    <Filter Include="02. GameObject\04. Player\State\State\Sprint">
      <UniqueIdentifier>{d7823bbb-870e-468e-b9bb-b33a5d70fcc4}</UniqueIdentifier>
    </Filter>
    <Filter Include="02. GameObject\04. Player\State\State\Idle">
      <UniqueIdentifier>{9d64cac8-81a9-422a-ab75-58bd9d5f8c7f}</UniqueIdentifier>
    </Filter>
    <Filter Include="02. GameObject\04. Player\State\State\Attack">
      <UniqueIdentifier>{c4ad7558-884f-43bd-84e0-1942a49fc08d}</UniqueIdentifier>
    </Filter>
    <Filter Include="02. GameObject\04. Player\State\State\ElementalArt">
      <UniqueIdentifier>{75f25e71-12aa-4dad-af53-0f10fba785bc}</UniqueIdentifier>
    </Filter>
    <Filter Include="02. GameObject\04. Player\State\State\ElementalArt\Wanderer">
      <UniqueIdentifier>{c9ca96a4-de52-4d22-9192-25074f8792d1}</UniqueIdentifier>
    </Filter>
    <Filter Include="02. GameObject\04. Player\State\State\ElementalArt\Tighnari">
      <UniqueIdentifier>{02408b8d-e9da-4e76-9e6e-c843a3db1598}</UniqueIdentifier>
    </Filter>
    <Filter Include="02. GameObject\04. Player\State\State\ElementalArt\Yae">
      <UniqueIdentifier>{95525f62-d88a-4e26-8e87-dcf4a649ceb7}</UniqueIdentifier>
    </Filter>
    <Filter Include="02. GameObject\04. Player\State\State\ElementalArt\Nilou">
      <UniqueIdentifier>{b8b5f337-dc0a-4b2e-91de-0019ce6f638a}</UniqueIdentifier>
    </Filter>
    <Filter Include="02. GameObject\04. Player\State\State\ElementalBurst">
      <UniqueIdentifier>{83d7e4e1-91b9-42ff-9336-c0aaadf3bc78}</UniqueIdentifier>
    </Filter>
    <Filter Include="02. GameObject\04. Player\State\State\Jump">
      <UniqueIdentifier>{eb5dee08-fb86-4490-b40f-0ef6b3bbb10c}</UniqueIdentifier>
    </Filter>
    <Filter Include="02. GameObject\04. Player\State\State\Fly">
      <UniqueIdentifier>{9efae588-f1fd-40f3-8c27-344b2715aecc}</UniqueIdentifier>
    </Filter>
    <Filter Include="02. GameObject\04. Player\State\State\FallAttack">
      <UniqueIdentifier>{14b1739a-7377-48cc-9b5e-134dce0d3093}</UniqueIdentifier>
    </Filter>
    <Filter Include="02. GameObject\04. Player\State\State\FallGround">
      <UniqueIdentifier>{40e0de77-380c-40aa-856d-66e5419bfa2e}</UniqueIdentifier>
    </Filter>
    <Filter Include="02. GameObject\04. Player\State\Manager">
      <UniqueIdentifier>{0b7a281c-0d37-44cb-bc74-d475b25901b6}</UniqueIdentifier>
    </Filter>
  </ItemGroup>
  <ItemGroup>
    <ClInclude Include="..\public\MainApp.h">
      <Filter>00.MainApp</Filter>
    </ClInclude>
    <ClInclude Include="Client.h">
      <Filter>98.Default</Filter>
    </ClInclude>
    <ClInclude Include="framework.h">
      <Filter>98.Default</Filter>
    </ClInclude>
    <ClInclude Include="Resource.h">
      <Filter>98.Default</Filter>
    </ClInclude>
    <ClInclude Include="targetver.h">
      <Filter>98.Default</Filter>
    </ClInclude>
    <ClInclude Include="..\Public\Client_Defines.h">
      <Filter>99.Header</Filter>
    </ClInclude>
    <ClInclude Include="..\public\Loading_Level.h">
      <Filter>01.Level\99. Loading</Filter>
    </ClInclude>
    <ClInclude Include="..\public\Loader.h">
      <Filter>01.Level\99. Loading\Loader</Filter>
    </ClInclude>
    <ClInclude Include="..\public\Logo_Level.h">
      <Filter>01.Level\00. Logo</Filter>
    </ClInclude>
    <ClInclude Include="..\public\GamePlay_Level.h">
      <Filter>01.Level\01. GamePlay</Filter>
    </ClInclude>
    <ClInclude Include="..\public\Background.h">
      <Filter>02. GameObject\00. Background</Filter>
    </ClInclude>
    <ClInclude Include="..\public\Terrain.h">
      <Filter>02. GameObject\02. Terrain</Filter>
    </ClInclude>
    <ClInclude Include="..\public\Monster.h">
      <Filter>02. GameObject\05. Monster</Filter>
    </ClInclude>
    <ClInclude Include="..\public\Player.h">
      <Filter>02. GameObject\04. Player</Filter>
    </ClInclude>
    <ClInclude Include="..\public\PartObject.h">
      <Filter>02. GameObject\04. Player\PartObject</Filter>
    </ClInclude>
    <ClInclude Include="..\public\PartObject_Body.h">
      <Filter>02. GameObject\04. Player\PartObject\Body</Filter>
    </ClInclude>
    <ClInclude Include="..\public\Map.h">
      <Filter>02. GameObject\03. Map</Filter>
    </ClInclude>
    <ClInclude Include="..\public\Dungeon_1.h">
      <Filter>02. GameObject\03. Map\Stage_Dungeon_1</Filter>
    </ClInclude>
    <ClInclude Include="..\Public\Dungeon_2.h">
      <Filter>02. GameObject\03. Map\Stage_Dungeon_2</Filter>
    </ClInclude>
    <ClInclude Include="..\public\Tighnari_Body.h">
      <Filter>02. GameObject\04. Player\PartObject\Body\Tighnari</Filter>
    </ClInclude>
    <ClInclude Include="..\Public\Nilou_Body.h">
      <Filter>02. GameObject\04. Player\PartObject\Body\Nilou</Filter>
    </ClInclude>
    <ClInclude Include="..\Public\Yae_Body.h">
      <Filter>02. GameObject\04. Player\PartObject\Body\Yae</Filter>
    </ClInclude>
    <ClInclude Include="..\Public\Wanderer_Body.h">
      <Filter>02. GameObject\04. Player\PartObject\Body\Wanderer</Filter>
    </ClInclude>
    <ClInclude Include="..\public\Weapon.h">
      <Filter>02. GameObject\04. Player\PartObject\Weapon</Filter>
    </ClInclude>
    <ClInclude Include="..\public\Weapon_Ayus.h">
      <Filter>02. GameObject\04. Player\PartObject\Weapon\Tighnari</Filter>
    </ClInclude>
    <ClInclude Include="..\public\StateRun.h">
      <Filter>02. GameObject\04. Player\State\State\Run</Filter>
    </ClInclude>
    <ClInclude Include="..\public\StateManager.h">
      <Filter>02. GameObject\04. Player\State\Manager</Filter>
    </ClInclude>
    <ClInclude Include="..\public\StateSprint.h">
      <Filter>02. GameObject\04. Player\State\State\Sprint</Filter>
    </ClInclude>
    <ClInclude Include="..\public\StateIdle.h">
      <Filter>02. GameObject\04. Player\State\State\Idle</Filter>
    </ClInclude>
    <ClInclude Include="..\public\StateElementalArt_Wanderer.h">
      <Filter>02. GameObject\04. Player\State\State\ElementalArt\Wanderer</Filter>
    </ClInclude>
    <ClInclude Include="..\public\StateElementalBurst.h">
      <Filter>02. GameObject\04. Player\State\State\ElementalBurst</Filter>
    </ClInclude>
    <ClInclude Include="..\public\StateElementalArt_Tighanri.h">
      <Filter>02. GameObject\04. Player\State\State\ElementalArt\Tighnari</Filter>
    </ClInclude>
    <ClInclude Include="..\public\StateAttack.h">
      <Filter>02. GameObject\04. Player\State\State\Attack</Filter>
    </ClInclude>
    <ClInclude Include="..\public\StateElementalArt_Yae.h">
      <Filter>02. GameObject\04. Player\State\State\ElementalArt\Yae</Filter>
    </ClInclude>
    <ClInclude Include="..\public\State.h">
      <Filter>02. GameObject\04. Player\State\State</Filter>
    </ClInclude>
    <ClInclude Include="..\public\StateElementalArt_Nilou.h">
      <Filter>02. GameObject\04. Player\State\State\ElementalArt\Nilou</Filter>
    </ClInclude>
    <ClInclude Include="..\public\StateJump.h">
      <Filter>02. GameObject\04. Player\State\State\Jump</Filter>
    </ClInclude>
    <ClInclude Include="..\public\Weapon_Regalis.h">
      <Filter>02. GameObject\04. Player\PartObject\Weapon\Nilou</Filter>
    </ClInclude>
    <ClInclude Include="..\public\SkillObj.h">
      <Filter>02. GameObject\04. Player\PartObject\SkillObj</Filter>
    </ClInclude>
    <ClInclude Include="..\public\Gohei.h">
      <Filter>02. GameObject\04. Player\PartObject\SkillObj\Yae\Gohei</Filter>
    </ClInclude>
    <ClInclude Include="..\public\StateFly.h">
      <Filter>02. GameObject\04. Player\State\State\Fly</Filter>
    </ClInclude>
    <ClInclude Include="..\public\StateFallAttack.h">
      <Filter>02. GameObject\04. Player\State\State\FallAttack</Filter>
    </ClInclude>
    <ClInclude Include="..\public\StateFallGround.h">
      <Filter>02. GameObject\04. Player\State\State\FallGround</Filter>
    </ClInclude>
    <ClInclude Include="..\public\Weapon_Alaya.h">
      <Filter>02. GameObject\04. Player\PartObject\Weapon\Wanderer</Filter>
    </ClInclude>
    <ClInclude Include="..\public\Weapon_Narukami.h">
      <Filter>02. GameObject\04. Player\PartObject\Weapon\Yae</Filter>
    </ClInclude>
    <ClInclude Include="..\public\Command.h">
      <Filter>96. Utility\01. Command\Commend</Filter>
    </ClInclude>
    <ClInclude Include="..\public\Command_ATT.h">
      <Filter>96. Utility\01. Command\Commend\Command_ATT</Filter>
    </ClInclude>
    <ClInclude Include="..\public\Command_Manager.h">
      <Filter>96. Utility\01. Command\Manager</Filter>
    </ClInclude>
    <ClInclude Include="..\public\Slime.h">
      <Filter>02. GameObject\05. Monster\Slime</Filter>
    </ClInclude>
    <ClInclude Include="..\public\Slime_Large.h">
      <Filter>02. GameObject\05. Monster\Slime\Large</Filter>
    </ClInclude>
    <ClInclude Include="..\public\Slime_Large_Fire.h">
      <Filter>02. GameObject\05. Monster\Slime\Large\Fire</Filter>
    </ClInclude>
    <ClInclude Include="..\public\SceneObj.h">
      <Filter>02. GameObject\07. SceneObj</Filter>
    </ClInclude>
    <ClInclude Include="..\public\TreasureBox.h">
      <Filter>02. GameObject\07. SceneObj\TreasureBox</Filter>
    </ClInclude>
    <ClInclude Include="..\Public\Slime_Large_Water.h">
      <Filter>02. GameObject\05. Monster\Slime\Large\Water</Filter>
    </ClInclude>
    <ClInclude Include="..\Public\Slime_Mid_Fire.h">
      <Filter>02. GameObject\05. Monster\Slime\Mid\FIre</Filter>
    </ClInclude>
    <ClInclude Include="..\Public\Slime_Mid.h">
      <Filter>02. GameObject\05. Monster\Slime\Mid</Filter>
    </ClInclude>
    <ClInclude Include="..\Public\Slime_Mid_Water.h">
      <Filter>02. GameObject\05. Monster\Slime\Mid\Water</Filter>
    </ClInclude>
    <ClInclude Include="..\public\Slime_Root.h">
      <Filter>02. GameObject\05. Monster\Slime\AI</Filter>
    </ClInclude>
    <ClInclude Include="..\public\Selector.h">
      <Filter>96. Utility\02. AI\Node\Selector</Filter>
    </ClInclude>
    <ClInclude Include="..\public\Sequence.h">
      <Filter>96. Utility\02. AI\Node\Sequence</Filter>
    </ClInclude>
    <ClInclude Include="..\public\Node.h">
      <Filter>96. Utility\02. AI\Node</Filter>
    </ClInclude>
    <ClInclude Include="..\public\Action.h">
      <Filter>96. Utility\02. AI\Node\Action</Filter>
    </ClInclude>
    <ClInclude Include="..\public\Hili.h">
      <Filter>02. GameObject\05. Monster\hili</Filter>
    </ClInclude>
    <ClInclude Include="..\public\Hili_Fire.h">
      <Filter>02. GameObject\05. Monster\hili\Fire</Filter>
    </ClInclude>
    <ClInclude Include="..\public\BT_Hili_CrossBow.h">
      <Filter>02. GameObject\05. Monster\hili\AI\CrossBow</Filter>
    </ClInclude>
    <ClInclude Include="..\Public\BT_Hili.h">
      <Filter>02. GameObject\05. Monster\hili\AI</Filter>
    </ClInclude>
    <ClInclude Include="..\public\BT_Hili_Club.h">
      <Filter>02. GameObject\05. Monster\hili\AI\Clue</Filter>
    </ClInclude>
    <ClInclude Include="..\public\Hili_Weapon.h">
      <Filter>02. GameObject\05. Monster\hili\Weapon</Filter>
    </ClInclude>
    <ClInclude Include="..\public\Hili_Weapon_Club.h">
      <Filter>02. GameObject\05. Monster\hili\Weapon\Club</Filter>
    </ClInclude>
    <ClInclude Include="..\Public\Hili_Weapon_Crossbow.h">
      <Filter>02. GameObject\05. Monster\hili\Weapon\Crossbow</Filter>
    </ClInclude>
    <ClInclude Include="..\Public\Hili_Electric.h">
      <Filter>02. GameObject\05. Monster\hili\Electric</Filter>
    </ClInclude>
    <ClInclude Include="..\public\Stage_Boss_Level.h">
      <Filter>01.Level\02. Stage_Boss</Filter>
    </ClInclude>
    <ClInclude Include="..\public\GoldenHouse.h">
      <Filter>02. GameObject\03. Map\Stage_Boss</Filter>
    </ClInclude>
    <ClInclude Include="..\public\Boss.h">
      <Filter>02. GameObject\06. Boss</Filter>
    </ClInclude>
    <ClInclude Include="..\public\BT_Tartaglia.h">
      <Filter>02. GameObject\06. Boss\AI\Tartaglia</Filter>
    </ClInclude>
    <ClInclude Include="..\public\Body_Tartaglia.h">
      <Filter>02. GameObject\06. Boss\PartObject\Body\Tartaglia</Filter>
    </ClInclude>
    <ClInclude Include="..\public\Body_EvilEye.h">
      <Filter>02. GameObject\06. Boss\PartObject\Body\EvilEye</Filter>
    </ClInclude>
    <ClInclude Include="..\public\Boss_Body.h">
      <Filter>02. GameObject\06. Boss\PartObject\Body</Filter>
    </ClInclude>
    <ClInclude Include="..\public\BT_EvilEye.h">
      <Filter>02. GameObject\06. Boss\AI\EvilEye</Filter>
    </ClInclude>
    <ClInclude Include="..\public\BT_Boss.h">
      <Filter>02. GameObject\06. Boss\AI</Filter>
    </ClInclude>
    <ClInclude Include="..\public\Body_Harbinger.h">
      <Filter>02. GameObject\06. Boss\PartObject\Body\Harbinger</Filter>
    </ClInclude>
    <ClInclude Include="..\public\BT_Harbinger.h">
      <Filter>02. GameObject\06. Boss\AI\Harbinger</Filter>
    </ClInclude>
    <ClInclude Include="..\public\DefaultCamera.h">
      <Filter>02. GameObject\01. Camera\Default</Filter>
    </ClInclude>
    <ClInclude Include="..\public\CutCamera.h">
      <Filter>02. GameObject\01. Camera\Cut</Filter>
    </ClInclude>
    <ClInclude Include="..\public\CheckPoint.h">
      <Filter>02. GameObject\07. SceneObj\CheckPoint</Filter>
    </ClInclude>
    <ClInclude Include="..\public\DungeonGate.h">
      <Filter>02. GameObject\07. SceneObj\Gate</Filter>
    </ClInclude>
    <ClInclude Include="..\public\WindField.h">
      <Filter>02. GameObject\07. SceneObj\WindField</Filter>
    </ClInclude>
    <ClInclude Include="..\public\FireCore.h">
      <Filter>02. GameObject\07. SceneObj\FireCore</Filter>
    </ClInclude>
    <ClInclude Include="..\public\UI.h">
      <Filter>02. GameObject\08. UI</Filter>
    </ClInclude>
    <ClInclude Include="..\public\Brute.h">
      <Filter>02. GameObject\05. Monster\Brute</Filter>
    </ClInclude>
    <ClInclude Include="..\public\Harbinger_Blade.h">
      <Filter>02. GameObject\06. Boss\PartObject\Weapon\Harbinger\Blade</Filter>
    </ClInclude>
    <ClInclude Include="..\Public\Harbinger_Bow.h">
      <Filter>02. GameObject\06. Boss\PartObject\Weapon\Harbinger\Bow</Filter>
    </ClInclude>
    <ClInclude Include="..\Public\Harbinger_DualBlade.h">
      <Filter>02. GameObject\06. Boss\PartObject\Weapon\Harbinger\DualBlade</Filter>
    </ClInclude>
    <ClInclude Include="..\public\Operator.h">
      <Filter>02. GameObject\07. SceneObj\Operator</Filter>
    </ClInclude>
    <ClInclude Include="..\public\Tartaglia_Blade.h">
      <Filter>02. GameObject\06. Boss\PartObject\Weapon\Blade</Filter>
    </ClInclude>
    <ClInclude Include="..\Public\Tartaglia_Bow.h">
      <Filter>02. GameObject\06. Boss\PartObject\Weapon\Bow</Filter>
    </ClInclude>
    <ClInclude Include="..\Public\Tartaglia_DualBlade.h">
      <Filter>02. GameObject\06. Boss\PartObject\Weapon\DualBlade</Filter>
    </ClInclude>
    <ClInclude Include="..\public\ThornWall.h">
      <Filter>02. GameObject\07. SceneObj\ThornWall</Filter>
    </ClInclude>
    <ClInclude Include="..\public\Plane.h">
      <Filter>02. GameObject\07. SceneObj\Plane</Filter>
    </ClInclude>
    <ClInclude Include="..\public\Flycloak.h">
      <Filter>02. GameObject\04. Player\PartObject\Flycloak</Filter>
    </ClInclude>
    <ClInclude Include="..\public\BlackFox.h">
      <Filter>02. GameObject\04. Player\PartObject\SkillObj\Yae\BlackFox</Filter>
    </ClInclude>
    <ClInclude Include="..\public\FoxTail_Burst.h">
      <Filter>02. GameObject\04. Player\PartObject\SkillObj\Yae\FoxTail_Burst</Filter>
    </ClInclude>
    <ClInclude Include="..\public\FoxTower.h">
      <Filter>02. GameObject\04. Player\PartObject\SkillObj\Yae\FoxTower</Filter>
    </ClInclude>
    <ClInclude Include="..\public\StateElementalArt.h">
      <Filter>02. GameObject\04. Player\State\State\ElementalArt</Filter>
    </ClInclude>
  </ItemGroup>
  <ItemGroup>
    <ClCompile Include="..\private\MainApp.cpp">
      <Filter>00.MainApp</Filter>
    </ClCompile>
    <ClCompile Include="Client.cpp">
      <Filter>98.Default</Filter>
    </ClCompile>
    <ClCompile Include="..\private\Loading_Level.cpp">
      <Filter>01.Level\99. Loading</Filter>
    </ClCompile>
    <ClCompile Include="..\private\Loader.cpp">
      <Filter>01.Level\99. Loading\Loader</Filter>
    </ClCompile>
    <ClCompile Include="..\private\Logo_Level.cpp">
      <Filter>01.Level\00. Logo</Filter>
    </ClCompile>
    <ClCompile Include="..\private\GamePlay_Level.cpp">
      <Filter>01.Level\01. GamePlay</Filter>
    </ClCompile>
    <ClCompile Include="..\private\Background.cpp">
      <Filter>02. GameObject\00. Background</Filter>
    </ClCompile>
    <ClCompile Include="..\private\Terrain.cpp">
      <Filter>02. GameObject\02. Terrain</Filter>
    </ClCompile>
    <ClCompile Include="..\private\Monster.cpp">
      <Filter>02. GameObject\05. Monster</Filter>
    </ClCompile>
    <ClCompile Include="..\private\Player.cpp">
      <Filter>02. GameObject\04. Player</Filter>
    </ClCompile>
    <ClCompile Include="..\private\PartObject.cpp">
      <Filter>02. GameObject\04. Player\PartObject</Filter>
    </ClCompile>
    <ClCompile Include="..\private\PartObject_Body.cpp">
      <Filter>02. GameObject\04. Player\PartObject\Body</Filter>
    </ClCompile>
    <ClCompile Include="..\private\Map.cpp">
      <Filter>02. GameObject\03. Map</Filter>
    </ClCompile>
    <ClCompile Include="..\private\Dungeon_1.cpp">
      <Filter>02. GameObject\03. Map\Stage_Dungeon_1</Filter>
    </ClCompile>
    <ClCompile Include="..\Private\Dungeon_2.cpp">
      <Filter>02. GameObject\03. Map\Stage_Dungeon_2</Filter>
    </ClCompile>
    <ClCompile Include="..\private\Tighnari_Body.cpp">
      <Filter>02. GameObject\04. Player\PartObject\Body\Tighnari</Filter>
    </ClCompile>
    <ClCompile Include="..\Private\Nilou_Body.cpp">
      <Filter>02. GameObject\04. Player\PartObject\Body\Nilou</Filter>
    </ClCompile>
    <ClCompile Include="..\Private\Yae_Body.cpp">
      <Filter>02. GameObject\04. Player\PartObject\Body\Yae</Filter>
    </ClCompile>
    <ClCompile Include="..\Private\Wanderer_Body.cpp">
      <Filter>02. GameObject\04. Player\PartObject\Body\Wanderer</Filter>
    </ClCompile>
    <ClCompile Include="..\private\Weapon.cpp">
      <Filter>02. GameObject\04. Player\PartObject\Weapon</Filter>
    </ClCompile>
    <ClCompile Include="..\private\Weapon_Ayus.cpp">
      <Filter>02. GameObject\04. Player\PartObject\Weapon\Tighnari</Filter>
    </ClCompile>
    <ClCompile Include="..\private\StateRun.cpp">
      <Filter>02. GameObject\04. Player\State\State\Run</Filter>
    </ClCompile>
    <ClCompile Include="..\private\StateManager.cpp">
      <Filter>02. GameObject\04. Player\State\Manager</Filter>
    </ClCompile>
    <ClCompile Include="..\private\StateSprint.cpp">
      <Filter>02. GameObject\04. Player\State\State\Sprint</Filter>
    </ClCompile>
    <ClCompile Include="..\private\StateIdle.cpp">
      <Filter>02. GameObject\04. Player\State\State\Idle</Filter>
    </ClCompile>
    <ClCompile Include="..\private\StateElementalArt_Wanderer.cpp">
      <Filter>02. GameObject\04. Player\State\State\ElementalArt\Wanderer</Filter>
    </ClCompile>
    <ClCompile Include="..\private\StateElementalBurst.cpp">
      <Filter>02. GameObject\04. Player\State\State\ElementalBurst</Filter>
    </ClCompile>
    <ClCompile Include="..\private\StateElementalArt_Tighanri.cpp">
      <Filter>02. GameObject\04. Player\State\State\ElementalArt\Tighnari</Filter>
    </ClCompile>
    <ClCompile Include="..\private\StateAttack.cpp">
      <Filter>02. GameObject\04. Player\State\State\Attack</Filter>
    </ClCompile>
    <ClCompile Include="..\private\StateElementalArt_Yae.cpp">
      <Filter>02. GameObject\04. Player\State\State\ElementalArt\Yae</Filter>
    </ClCompile>
    <ClCompile Include="..\private\State.cpp">
      <Filter>02. GameObject\04. Player\State\State</Filter>
    </ClCompile>
    <ClCompile Include="..\private\StateElementalArt_Nilou.cpp">
      <Filter>02. GameObject\04. Player\State\State\ElementalArt\Nilou</Filter>
    </ClCompile>
    <ClCompile Include="..\private\StateJump.cpp">
      <Filter>02. GameObject\04. Player\State\State\Jump</Filter>
    </ClCompile>
    <ClCompile Include="..\private\Weapon_Regalis.cpp">
      <Filter>02. GameObject\04. Player\PartObject\Weapon\Nilou</Filter>
    </ClCompile>
    <ClCompile Include="..\private\SkillObj.cpp">
      <Filter>02. GameObject\04. Player\PartObject\SkillObj</Filter>
    </ClCompile>
    <ClCompile Include="..\private\Gohei.cpp">
      <Filter>02. GameObject\04. Player\PartObject\SkillObj\Yae\Gohei</Filter>
    </ClCompile>
    <ClCompile Include="..\private\StateFly.cpp">
      <Filter>02. GameObject\04. Player\State\State\Fly</Filter>
    </ClCompile>
    <ClCompile Include="..\private\StateFallAttack.cpp">
      <Filter>02. GameObject\04. Player\State\State\FallAttack</Filter>
    </ClCompile>
    <ClCompile Include="..\private\StateFallGround.cpp">
      <Filter>02. GameObject\04. Player\State\State\FallGround</Filter>
    </ClCompile>
    <ClCompile Include="..\private\Weapon_Alaya.cpp">
      <Filter>02. GameObject\04. Player\PartObject\Weapon\Wanderer</Filter>
    </ClCompile>
    <ClCompile Include="..\private\Weapon_Narukami.cpp">
      <Filter>02. GameObject\04. Player\PartObject\Weapon\Yae</Filter>
    </ClCompile>
    <ClCompile Include="..\private\Command.cpp">
      <Filter>96. Utility\01. Command\Commend</Filter>
    </ClCompile>
    <ClCompile Include="..\private\Command_ATT.cpp">
      <Filter>96. Utility\01. Command\Commend\Command_ATT</Filter>
    </ClCompile>
    <ClCompile Include="..\private\Command_Manager.cpp">
      <Filter>96. Utility\01. Command\Manager</Filter>
    </ClCompile>
    <ClCompile Include="..\private\Slime.cpp">
      <Filter>02. GameObject\05. Monster\Slime</Filter>
    </ClCompile>
    <ClCompile Include="..\private\Slime_Large.cpp">
      <Filter>02. GameObject\05. Monster\Slime\Large</Filter>
    </ClCompile>
    <ClCompile Include="..\private\Slime_Large_Fire.cpp">
      <Filter>02. GameObject\05. Monster\Slime\Large\Fire</Filter>
    </ClCompile>
    <ClCompile Include="..\private\SceneObj.cpp">
      <Filter>02. GameObject\07. SceneObj</Filter>
    </ClCompile>
    <ClCompile Include="..\private\TreasureBox.cpp">
      <Filter>02. GameObject\07. SceneObj\TreasureBox</Filter>
    </ClCompile>
    <ClCompile Include="..\Private\Slime_Large_Water.cpp">
      <Filter>02. GameObject\05. Monster\Slime\Large\Water</Filter>
    </ClCompile>
    <ClCompile Include="..\Private\Slime_Mid_Fire.cpp">
      <Filter>02. GameObject\05. Monster\Slime\Mid\FIre</Filter>
    </ClCompile>
    <ClCompile Include="..\Private\Slime_Mid.cpp">
      <Filter>02. GameObject\05. Monster\Slime\Mid</Filter>
    </ClCompile>
    <ClCompile Include="..\Private\Slime_Mid_Water.cpp">
      <Filter>02. GameObject\05. Monster\Slime\Mid\Water</Filter>
    </ClCompile>
    <ClCompile Include="..\private\Slime_Root.cpp">
      <Filter>02. GameObject\05. Monster\Slime\AI</Filter>
    </ClCompile>
    <ClCompile Include="..\private\Selector.cpp">
      <Filter>96. Utility\02. AI\Node\Selector</Filter>
    </ClCompile>
    <ClCompile Include="..\private\Sequence.cpp">
      <Filter>96. Utility\02. AI\Node\Sequence</Filter>
    </ClCompile>
    <ClCompile Include="..\private\Node.cpp">
      <Filter>96. Utility\02. AI\Node</Filter>
    </ClCompile>
    <ClCompile Include="..\private\Action.cpp">
      <Filter>96. Utility\02. AI\Node\Action</Filter>
    </ClCompile>
    <ClCompile Include="..\private\Hili_Fire.cpp">
      <Filter>02. GameObject\05. Monster\hili\Fire</Filter>
    </ClCompile>
    <ClCompile Include="..\private\BT_Hili_CrossBow.cpp">
      <Filter>02. GameObject\05. Monster\hili\AI\CrossBow</Filter>
    </ClCompile>
    <ClCompile Include="..\Private\BT_Hili.cpp">
      <Filter>02. GameObject\05. Monster\hili\AI</Filter>
    </ClCompile>
    <ClCompile Include="..\private\BT_Hili_Club.cpp">
      <Filter>02. GameObject\05. Monster\hili\AI\Clue</Filter>
    </ClCompile>
    <ClCompile Include="..\private\Hili_Weapon.cpp">
      <Filter>02. GameObject\05. Monster\hili\Weapon</Filter>
    </ClCompile>
    <ClCompile Include="..\private\Hili_Weapon_Club.cpp">
      <Filter>02. GameObject\05. Monster\hili\Weapon\Club</Filter>
    </ClCompile>
    <ClCompile Include="..\Private\Hili_Weapon_Crossbow.cpp">
      <Filter>02. GameObject\05. Monster\hili\Weapon\Crossbow</Filter>
    </ClCompile>
    <ClCompile Include="..\Private\Hili_Electric.cpp">
      <Filter>02. GameObject\05. Monster\hili\Electric</Filter>
    </ClCompile>
    <ClCompile Include="..\private\Stage_Boss_Level.cpp">
      <Filter>01.Level\02. Stage_Boss</Filter>
    </ClCompile>
    <ClCompile Include="..\private\GoldenHouse.cpp">
      <Filter>02. GameObject\03. Map\Stage_Boss</Filter>
    </ClCompile>
    <ClCompile Include="..\private\Boss.cpp">
      <Filter>02. GameObject\06. Boss</Filter>
    </ClCompile>
    <ClCompile Include="..\private\BT_Tartaglia.cpp">
      <Filter>02. GameObject\06. Boss\AI\Tartaglia</Filter>
    </ClCompile>
    <ClCompile Include="..\private\Hili.cpp">
      <Filter>02. GameObject\05. Monster\hili</Filter>
    </ClCompile>
    <ClCompile Include="..\private\Body_Tartaglia.cpp">
      <Filter>02. GameObject\06. Boss\PartObject\Body\Tartaglia</Filter>
    </ClCompile>
    <ClCompile Include="..\private\Body_EvilEye.cpp">
      <Filter>02. GameObject\06. Boss\PartObject\Body\EvilEye</Filter>
    </ClCompile>
    <ClCompile Include="..\private\Boss_Body.cpp">
      <Filter>02. GameObject\06. Boss\PartObject\Body</Filter>
    </ClCompile>
    <ClCompile Include="..\private\BT_EvilEye.cpp">
      <Filter>02. GameObject\06. Boss\AI\EvilEye</Filter>
    </ClCompile>
    <ClCompile Include="..\private\BT_Boss.cpp">
      <Filter>02. GameObject\06. Boss\AI</Filter>
    </ClCompile>
    <ClCompile Include="..\private\Body_Harbinger.cpp">
      <Filter>02. GameObject\06. Boss\PartObject\Body\Harbinger</Filter>
    </ClCompile>
    <ClCompile Include="..\private\BT_Harbinger.cpp">
      <Filter>02. GameObject\06. Boss\AI\Harbinger</Filter>
    </ClCompile>
    <ClCompile Include="..\private\DefaultCamera.cpp">
      <Filter>02. GameObject\01. Camera\Default</Filter>
    </ClCompile>
    <ClCompile Include="..\private\CutCamera.cpp">
      <Filter>02. GameObject\01. Camera\Cut</Filter>
    </ClCompile>
    <ClCompile Include="..\private\CheckPoint.cpp">
      <Filter>02. GameObject\07. SceneObj\CheckPoint</Filter>
    </ClCompile>
    <ClCompile Include="..\private\DungeonGate.cpp">
      <Filter>02. GameObject\07. SceneObj\Gate</Filter>
    </ClCompile>
    <ClCompile Include="..\private\WindField.cpp">
      <Filter>02. GameObject\07. SceneObj\WindField</Filter>
    </ClCompile>
    <ClCompile Include="..\private\FireCore.cpp">
      <Filter>02. GameObject\07. SceneObj\FireCore</Filter>
    </ClCompile>
    <ClCompile Include="..\private\UI.cpp">
      <Filter>02. GameObject\08. UI</Filter>
    </ClCompile>
    <ClCompile Include="..\private\Brute.cpp">
      <Filter>02. GameObject\05. Monster\Brute</Filter>
    </ClCompile>
    <ClCompile Include="..\private\Harbinger_Blade.cpp">
      <Filter>02. GameObject\06. Boss\PartObject\Weapon\Harbinger\Blade</Filter>
    </ClCompile>
    <ClCompile Include="..\Private\Harbinger_Bow.cpp">
      <Filter>02. GameObject\06. Boss\PartObject\Weapon\Harbinger\Bow</Filter>
    </ClCompile>
    <ClCompile Include="..\Private\Harbinger_DualBlade.cpp">
      <Filter>02. GameObject\06. Boss\PartObject\Weapon\Harbinger\DualBlade</Filter>
    </ClCompile>
    <ClCompile Include="..\private\Operator.cpp">
      <Filter>02. GameObject\07. SceneObj\Operator</Filter>
    </ClCompile>
    <ClCompile Include="..\private\Tartaglia_Blade.cpp">
      <Filter>02. GameObject\06. Boss\PartObject\Weapon\Blade</Filter>
    </ClCompile>
    <ClCompile Include="..\Private\Tartaglia_Bow.cpp">
      <Filter>02. GameObject\06. Boss\PartObject\Weapon\Bow</Filter>
    </ClCompile>
    <ClCompile Include="..\Private\Tartaglia_DualBlade.cpp">
      <Filter>02. GameObject\06. Boss\PartObject\Weapon\DualBlade</Filter>
    </ClCompile>
    <ClCompile Include="..\private\ThornWall.cpp">
      <Filter>02. GameObject\07. SceneObj\ThornWall</Filter>
    </ClCompile>
    <ClCompile Include="..\private\Plane.cpp">
      <Filter>02. GameObject\07. SceneObj\Plane</Filter>
    </ClCompile>
    <ClCompile Include="..\private\Flycloak.cpp">
      <Filter>02. GameObject\04. Player\PartObject\Flycloak</Filter>
    </ClCompile>
    <ClCompile Include="..\private\BlackFox.cpp">
      <Filter>02. GameObject\04. Player\PartObject\SkillObj\Yae\BlackFox</Filter>
    </ClCompile>
    <ClCompile Include="..\private\FoxTail_Burst.cpp">
      <Filter>02. GameObject\04. Player\PartObject\SkillObj\Yae\FoxTail_Burst</Filter>
    </ClCompile>
    <ClCompile Include="..\private\FoxTower.cpp">
      <Filter>02. GameObject\04. Player\PartObject\SkillObj\Yae\FoxTower</Filter>
    </ClCompile>
    <ClCompile Include="..\private\StateElementalArt.cpp">
      <Filter>02. GameObject\04. Player\State\State\ElementalArt</Filter>
    </ClCompile>
  </ItemGroup>
  <ItemGroup>
    <Image Include="Client.ico">
      <Filter>98.Default</Filter>
    </Image>
    <Image Include="small.ico">
      <Filter>98.Default</Filter>
    </Image>
  </ItemGroup>
  <ItemGroup>
    <ResourceCompile Include="Client.rc">
      <Filter>98.Default</Filter>
    </ResourceCompile>
  </ItemGroup>
  <ItemGroup>
    <FxCompile Include="..\Bin\ShaderFile\Shader_VtxPosTex.hlsl">
      <Filter>97.ShaderFile</Filter>
    </FxCompile>
    <FxCompile Include="..\Bin\ShaderFile\Shader_VtxNorTex.hlsl">
      <Filter>97.ShaderFile</Filter>
    </FxCompile>
    <FxCompile Include="..\Bin\ShaderFile\Shader_VtxMesh.hlsl">
      <Filter>97.ShaderFile</Filter>
    </FxCompile>
    <FxCompile Include="..\Bin\ShaderFile\Shader_VtxAnimMesh.hlsl">
      <Filter>97.ShaderFile</Filter>
    </FxCompile>
  </ItemGroup>
</Project>